// !$*UTF8*$!
{
	archiveVersion = 1;
	classes = {
	};
	objectVersion = 50;
	objects = {

/* Begin PBXBuildFile section */
		CAEFF83623E48EAF00338EAC /* AppDelegate.swift in Sources */ = {isa = PBXBuildFile; fileRef = CAEFF83523E48EAF00338EAC /* AppDelegate.swift */; };
		CAEFF83823E48EAF00338EAC /* SceneDelegate.swift in Sources */ = {isa = PBXBuildFile; fileRef = CAEFF83723E48EAF00338EAC /* SceneDelegate.swift */; };
		CAEFF83A23E48EAF00338EAC /* ViewController.swift in Sources */ = {isa = PBXBuildFile; fileRef = CAEFF83923E48EAF00338EAC /* ViewController.swift */; };
		CAEFF83D23E48EAF00338EAC /* Main.storyboard in Resources */ = {isa = PBXBuildFile; fileRef = CAEFF83B23E48EAF00338EAC /* Main.storyboard */; };
		CAEFF83F23E48EB000338EAC /* Assets.xcassets in Resources */ = {isa = PBXBuildFile; fileRef = CAEFF83E23E48EB000338EAC /* Assets.xcassets */; };
		CAEFF84223E48EB000338EAC /* LaunchScreen.storyboard in Resources */ = {isa = PBXBuildFile; fileRef = CAEFF84023E48EB000338EAC /* LaunchScreen.storyboard */; };
		CAEFF84A23E48EC500338EAC /* meishi.csv in Resources */ = {isa = PBXBuildFile; fileRef = CAEFF84923E48EC500338EAC /* meishi.csv */; };
/* End PBXBuildFile section */

/* Begin PBXFileReference section */
		CAEFF83223E48EAF00338EAC /* JishoApp.app */ = {isa = PBXFileReference; explicitFileType = wrapper.application; includeInIndex = 0; path = JishoApp.app; sourceTree = BUILT_PRODUCTS_DIR; };
		CAEFF83523E48EAF00338EAC /* AppDelegate.swift */ = {isa = PBXFileReference; lastKnownFileType = sourcecode.swift; path = AppDelegate.swift; sourceTree = "<group>"; };
		CAEFF83723E48EAF00338EAC /* SceneDelegate.swift */ = {isa = PBXFileReference; lastKnownFileType = sourcecode.swift; path = SceneDelegate.swift; sourceTree = "<group>"; };
		CAEFF83923E48EAF00338EAC /* ViewController.swift */ = {isa = PBXFileReference; lastKnownFileType = sourcecode.swift; path = ViewController.swift; sourceTree = "<group>"; };
		CAEFF83C23E48EAF00338EAC /* Base */ = {isa = PBXFileReference; lastKnownFileType = file.storyboard; name = Base; path = Base.lproj/Main.storyboard; sourceTree = "<group>"; };
		CAEFF83E23E48EB000338EAC /* Assets.xcassets */ = {isa = PBXFileReference; lastKnownFileType = folder.assetcatalog; path = Assets.xcassets; sourceTree = "<group>"; };
		CAEFF84123E48EB000338EAC /* Base */ = {isa = PBXFileReference; lastKnownFileType = file.storyboard; name = Base; path = Base.lproj/LaunchScreen.storyboard; sourceTree = "<group>"; };
		CAEFF84323E48EB000338EAC /* Info.plist */ = {isa = PBXFileReference; lastKnownFileType = text.plist.xml; path = Info.plist; sourceTree = "<group>"; };
		CAEFF84923E48EC500338EAC /* meishi.csv */ = {isa = PBXFileReference; fileEncoding = 4; lastKnownFileType = text; path = meishi.csv; sourceTree = "<group>"; };
/* End PBXFileReference section */

/* Begin PBXFrameworksBuildPhase section */
		CAEFF82F23E48EAF00338EAC /* Frameworks */ = {
			isa = PBXFrameworksBuildPhase;
			buildActionMask = 2147483647;
			files = (
			);
			runOnlyForDeploymentPostprocessing = 0;
		};
/* End PBXFrameworksBuildPhase section */

/* Begin PBXGroup section */
		CAEFF82923E48EAF00338EAC = {
			isa = PBXGroup;
			children = (
				CAEFF83423E48EAF00338EAC /* JishoApp */,
				CAEFF83323E48EAF00338EAC /* Products */,
			);
			sourceTree = "<group>";
		};
		CAEFF83323E48EAF00338EAC /* Products */ = {
			isa = PBXGroup;
			children = (
				CAEFF83223E48EAF00338EAC /* JishoApp.app */,
			);
			name = Products;
			sourceTree = "<group>";
		};
		CAEFF83423E48EAF00338EAC /* JishoApp */ = {
			isa = PBXGroup;
			children = (
				CAEFF83523E48EAF00338EAC /* AppDelegate.swift */,
				CAEFF83723E48EAF00338EAC /* SceneDelegate.swift */,
				CAEFF83923E48EAF00338EAC /* ViewController.swift */,
				CAEFF83B23E48EAF00338EAC /* Main.storyboard */,
				CAEFF83E23E48EB000338EAC /* Assets.xcassets */,
				CAEFF84023E48EB000338EAC /* LaunchScreen.storyboard */,
				CAEFF84323E48EB000338EAC /* Info.plist */,
				CAEFF84923E48EC500338EAC /* meishi.csv */,
			);
			path = JishoApp;
			sourceTree = "<group>";
		};
/* End PBXGroup section */

/* Begin PBXNativeTarget section */
		CAEFF83123E48EAF00338EAC /* JishoApp */ = {
			isa = PBXNativeTarget;
			buildConfigurationList = CAEFF84623E48EB000338EAC /* Build configuration list for PBXNativeTarget "JishoApp" */;
			buildPhases = (
				CAEFF82E23E48EAF00338EAC /* Sources */,
				CAEFF82F23E48EAF00338EAC /* Frameworks */,
				CAEFF83023E48EAF00338EAC /* Resources */,
			);
			buildRules = (
			);
			dependencies = (
			);
			name = JishoApp;
			productName = JishoApp;
			productReference = CAEFF83223E48EAF00338EAC /* JishoApp.app */;
			productType = "com.apple.product-type.application";
		};
/* End PBXNativeTarget section */

/* Begin PBXProject section */
		CAEFF82A23E48EAF00338EAC /* Project object */ = {
			isa = PBXProject;
			attributes = {
				LastSwiftUpdateCheck = 1130;
				LastUpgradeCheck = 1130;
				ORGANIZATIONNAME = "張翔";
				TargetAttributes = {
					CAEFF83123E48EAF00338EAC = {
						CreatedOnToolsVersion = 11.3.1;
					};
				};
			};
			buildConfigurationList = CAEFF82D23E48EAF00338EAC /* Build configuration list for PBXProject "JishoApp" */;
			compatibilityVersion = "Xcode 9.3";
			developmentRegion = en;
			hasScannedForEncodings = 0;
			knownRegions = (
				en,
				Base,
			);
			mainGroup = CAEFF82923E48EAF00338EAC;
			productRefGroup = CAEFF83323E48EAF00338EAC /* Products */;
			projectDirPath = "";
			projectRoot = "";
			targets = (
				CAEFF83123E48EAF00338EAC /* JishoApp */,
			);
		};
/* End PBXProject section */

/* Begin PBXResourcesBuildPhase section */
		CAEFF83023E48EAF00338EAC /* Resources */ = {
			isa = PBXResourcesBuildPhase;
			buildActionMask = 2147483647;
			files = (
				CAEFF84223E48EB000338EAC /* LaunchScreen.storyboard in Resources */,
				CAEFF83F23E48EB000338EAC /* Assets.xcassets in Resources */,
				CAEFF83D23E48EAF00338EAC /* Main.storyboard in Resources */,
				CAEFF84A23E48EC500338EAC /* meishi.csv in Resources */,
			);
			runOnlyForDeploymentPostprocessing = 0;
		};
/* End PBXResourcesBuildPhase section */

/* Begin PBXSourcesBuildPhase section */
		CAEFF82E23E48EAF00338EAC /* Sources */ = {
			isa = PBXSourcesBuildPhase;
			buildActionMask = 2147483647;
			files = (
				CAEFF83A23E48EAF00338EAC /* ViewController.swift in Sources */,
				CAEFF83623E48EAF00338EAC /* AppDelegate.swift in Sources */,
				CAEFF83823E48EAF00338EAC /* SceneDelegate.swift in Sources */,
			);
			runOnlyForDeploymentPostprocessing = 0;
		};
/* End PBXSourcesBuildPhase section */

/* Begin PBXVariantGroup section */
		CAEFF83B23E48EAF00338EAC /* Main.storyboard */ = {
			isa = PBXVariantGroup;
			children = (
				CAEFF83C23E48EAF00338EAC /* Base */,
			);
			name = Main.storyboard;
			sourceTree = "<group>";
		};
		CAEFF84023E48EB000338EAC /* LaunchScreen.storyboard */ = {
			isa = PBXVariantGroup;
			children = (
				CAEFF84123E48EB000338EAC /* Base */,
			);
			name = LaunchScreen.storyboard;
			sourceTree = "<group>";
		};
/* End PBXVariantGroup section */

/* Begin XCBuildConfiguration section */
		CAEFF84423E48EB000338EAC /* Debug */ = {
			isa = XCBuildConfiguration;
			buildSettings = {
				ALWAYS_SEARCH_USER_PATHS = NO;
				CLANG_ANALYZER_NONNULL = YES;
				CLANG_ANALYZER_NUMBER_OBJECT_CONVERSION = YES_AGGRESSIVE;
				CLANG_CXX_LANGUAGE_STANDARD = "gnu++14";
				CLANG_CXX_LIBRARY = "libc++";
				CLANG_ENABLE_MODULES = YES;
				CLANG_ENABLE_OBJC_ARC = YES;
				CLANG_ENABLE_OBJC_WEAK = YES;
				CLANG_WARN_BLOCK_CAPTURE_AUTORELEASING = YES;
				CLANG_WARN_BOOL_CONVERSION = YES;
				CLANG_WARN_COMMA = YES;
				CLANG_WARN_CONSTANT_CONVERSION = YES;
				CLANG_WARN_DEPRECATED_OBJC_IMPLEMENTATIONS = YES;
				CLANG_WARN_DIRECT_OBJC_ISA_USAGE = YES_ERROR;
				CLANG_WARN_DOCUMENTATION_COMMENTS = YES;
				CLANG_WARN_EMPTY_BODY = YES;
				CLANG_WARN_ENUM_CONVERSION = YES;
				CLANG_WARN_INFINITE_RECURSION = YES;
				CLANG_WARN_INT_CONVERSION = YES;
				CLANG_WARN_NON_LITERAL_NULL_CONVERSION = YES;
				CLANG_WARN_OBJC_IMPLICIT_RETAIN_SELF = YES;
				CLANG_WARN_OBJC_LITERAL_CONVERSION = YES;
				CLANG_WARN_OBJC_ROOT_CLASS = YES_ERROR;
				CLANG_WARN_RANGE_LOOP_ANALYSIS = YES;
				CLANG_WARN_STRICT_PROTOTYPES = YES;
				CLANG_WARN_SUSPICIOUS_MOVE = YES;
				CLANG_WARN_UNGUARDED_AVAILABILITY = YES_AGGRESSIVE;
				CLANG_WARN_UNREACHABLE_CODE = YES;
				CLANG_WARN__DUPLICATE_METHOD_MATCH = YES;
				COPY_PHASE_STRIP = NO;
				DEBUG_INFORMATION_FORMAT = dwarf;
				ENABLE_STRICT_OBJC_MSGSEND = YES;
				ENABLE_TESTABILITY = YES;
				GCC_C_LANGUAGE_STANDARD = gnu11;
				GCC_DYNAMIC_NO_PIC = NO;
				GCC_NO_COMMON_BLOCKS = YES;
				GCC_OPTIMIZATION_LEVEL = 0;
				GCC_PREPROCESSOR_DEFINITIONS = (
					"DEBUG=1",
					"$(inherited)",
				);
				GCC_WARN_64_TO_32_BIT_CONVERSION = YES;
				GCC_WARN_ABOUT_RETURN_TYPE = YES_ERROR;
				GCC_WARN_UNDECLARED_SELECTOR = YES;
				GCC_WARN_UNINITIALIZED_AUTOS = YES_AGGRESSIVE;
				GCC_WARN_UNUSED_FUNCTION = YES;
				GCC_WARN_UNUSED_VARIABLE = YES;
				IPHONEOS_DEPLOYMENT_TARGET = 13.2;
				MTL_ENABLE_DEBUG_INFO = INCLUDE_SOURCE;
				MTL_FAST_MATH = YES;
				ONLY_ACTIVE_ARCH = YES;
				SDKROOT = iphoneos;
				SWIFT_ACTIVE_COMPILATION_CONDITIONS = DEBUG;
				SWIFT_OPTIMIZATION_LEVEL = "-Onone";
			};
			name = Debug;
		};
		CAEFF84523E48EB000338EAC /* Release */ = {
			isa = XCBuildConfiguration;
			buildSettings = {
				ALWAYS_SEARCH_USER_PATHS = NO;
				CLANG_ANALYZER_NONNULL = YES;
				CLANG_ANALYZER_NUMBER_OBJECT_CONVERSION = YES_AGGRESSIVE;
				CLANG_CXX_LANGUAGE_STANDARD = "gnu++14";
				CLANG_CXX_LIBRARY = "libc++";
				CLANG_ENABLE_MODULES = YES;
				CLANG_ENABLE_OBJC_ARC = YES;
				CLANG_ENABLE_OBJC_WEAK = YES;
				CLANG_WARN_BLOCK_CAPTURE_AUTORELEASING = YES;
				CLANG_WARN_BOOL_CONVERSION = YES;
				CLANG_WARN_COMMA = YES;
				CLANG_WARN_CONSTANT_CONVERSION = YES;
				CLANG_WARN_DEPRECATED_OBJC_IMPLEMENTATIONS = YES;
				CLANG_WARN_DIRECT_OBJC_ISA_USAGE = YES_ERROR;
				CLANG_WARN_DOCUMENTATION_COMMENTS = YES;
				CLANG_WARN_EMPTY_BODY = YES;
				CLANG_WARN_ENUM_CONVERSION = YES;
				CLANG_WARN_INFINITE_RECURSION = YES;
				CLANG_WARN_INT_CONVERSION = YES;
				CLANG_WARN_NON_LITERAL_NULL_CONVERSION = YES;
				CLANG_WARN_OBJC_IMPLICIT_RETAIN_SELF = YES;
				CLANG_WARN_OBJC_LITERAL_CONVERSION = YES;
				CLANG_WARN_OBJC_ROOT_CLASS = YES_ERROR;
				CLANG_WARN_RANGE_LOOP_ANALYSIS = YES;
				CLANG_WARN_STRICT_PROTOTYPES = YES;
				CLANG_WARN_SUSPICIOUS_MOVE = YES;
				CLANG_WARN_UNGUARDED_AVAILABILITY = YES_AGGRESSIVE;
				CLANG_WARN_UNREACHABLE_CODE = YES;
				CLANG_WARN__DUPLICATE_METHOD_MATCH = YES;
				COPY_PHASE_STRIP = NO;
				DEBUG_INFORMATION_FORMAT = "dwarf-with-dsym";
				ENABLE_NS_ASSERTIONS = NO;
				ENABLE_STRICT_OBJC_MSGSEND = YES;
				GCC_C_LANGUAGE_STANDARD = gnu11;
				GCC_NO_COMMON_BLOCKS = YES;
				GCC_WARN_64_TO_32_BIT_CONVERSION = YES;
				GCC_WARN_ABOUT_RETURN_TYPE = YES_ERROR;
				GCC_WARN_UNDECLARED_SELECTOR = YES;
				GCC_WARN_UNINITIALIZED_AUTOS = YES_AGGRESSIVE;
				GCC_WARN_UNUSED_FUNCTION = YES;
				GCC_WARN_UNUSED_VARIABLE = YES;
				IPHONEOS_DEPLOYMENT_TARGET = 13.2;
				MTL_ENABLE_DEBUG_INFO = NO;
				MTL_FAST_MATH = YES;
				SDKROOT = iphoneos;
				SWIFT_COMPILATION_MODE = wholemodule;
				SWIFT_OPTIMIZATION_LEVEL = "-O";
				VALIDATE_PRODUCT = YES;
			};
			name = Release;
		};
		CAEFF84723E48EB000338EAC /* Debug */ = {
			isa = XCBuildConfiguration;
			buildSettings = {
				ASSETCATALOG_COMPILER_APPICON_NAME = AppIcon;
				CODE_SIGN_STYLE = Automatic;
				DEVELOPMENT_TEAM = BV8VP6YGE9;
				INFOPLIST_FILE = JishoApp/Info.plist;
				LD_RUNPATH_SEARCH_PATHS = (
					"$(inherited)",
					"@executable_path/Frameworks",
				);
				PRODUCT_BUNDLE_IDENTIFIER = jp.choccho.JishoApp;
				PRODUCT_NAME = "$(TARGET_NAME)";
				SWIFT_VERSION = 5.0;
				TARGETED_DEVICE_FAMILY = "1,2";
			};
			name = Debug;
		};
		CAEFF84823E48EB000338EAC /* Release */ = {
			isa = XCBuildConfiguration;
			buildSettings = {
				ASSETCATALOG_COMPILER_APPICON_NAME = AppIcon;
				CODE_SIGN_STYLE = Automatic;
				DEVELOPMENT_TEAM = BV8VP6YGE9;
				INFOPLIST_FILE = JishoApp/Info.plist;
				LD_RUNPATH_SEARCH_PATHS = (
					"$(inherited)",
					"@executable_path/Frameworks",
				);
				PRODUCT_BUNDLE_IDENTIFIER = jp.choccho.JishoApp;
				PRODUCT_NAME = "$(TARGET_NAME)";
				SWIFT_VERSION = 5.0;
				TARGETED_DEVICE_FAMILY = "1,2";
			};
			name = Release;
		};
/* End XCBuildConfiguration section */

/* Begin XCConfigurationList section */
		CAEFF82D23E48EAF00338EAC /* Build configuration list for PBXProject "JishoApp" */ = {
			isa = XCConfigurationList;
			buildConfigurations = (
				CAEFF84423E48EB000338EAC /* Debug */,
				CAEFF84523E48EB000338EAC /* Release */,
			);
			defaultConfigurationIsVisible = 0;
			defaultConfigurationName = Release;
		};
		CAEFF84623E48EB000338EAC /* Build configuration list for PBXNativeTarget "JishoApp" */ = {
			isa = XCConfigurationList;
			buildConfigurations = (
				CAEFF84723E48EB000338EAC /* Debug */,
				CAEFF84823E48EB000338EAC /* Release */,
			);
			defaultConfigurationIsVisible = 0;
			defaultConfigurationName = Release;
		};
/* End XCConfigurationList section */
	};
	rootObject = CAEFF82A23E48EAF00338EAC /* Project object */;
}
